
Microsoft Visual Studio Solution File, Format Version 12.00
# Visual Studio 2013
VisualStudioVersion = 12.0.21005.1
MinimumVisualStudioVersion = 10.0.40219.1
Project("{8BC9CEB8-8B4A-11D0-8D11-00A0C91BC942}") = "BING", "BING\BING.vcxproj", "{77250FCD-6F95-4AB8-B016-BBF3ADE65CF5}"
EndProject
Project("{8BC9CEB8-8B4A-11D0-8D11-00A0C91BC942}") = "LibLinear", "LibLinear\LibLinear.vcxproj", "{292CDF97-DDCD-440F-BB30-6E372FFD58BF}"
EndProject
Global
	GlobalSection(SolutionConfigurationPlatforms) = preSolution
		Debug|Win32 = Debug|Win32
		Debug|x64 = Debug|x64
		Release|Win32 = Release|Win32
		Release|x64 = Release|x64
	EndGlobalSection
	GlobalSection(ProjectConfigurationPlatforms) = postSolution
		{77250FCD-6F95-4AB8-B016-BBF3ADE65CF5}.Debug|Win32.ActiveCfg = Release|x64
		{77250FCD-6F95-4AB8-B016-BBF3ADE65CF5}.Debug|Win32.Build.0 = Release|x64
		{77250FCD-6F95-4AB8-B016-BBF3ADE65CF5}.Debug|x64.ActiveCfg = Debug|x64
		{77250FCD-6F95-4AB8-B016-BBF3ADE65CF5}.Debug|x64.Build.0 = Debug|x64
		{77250FCD-6F95-4AB8-B016-BBF3ADE65CF5}.Release|Win32.ActiveCfg = Release|Win32
		{77250FCD-6F95-4AB8-B016-BBF3ADE65CF5}.Release|Win32.Build.0 = Release|Win32
		{77250FCD-6F95-4AB8-B016-BBF3ADE65CF5}.Release|x64.ActiveCfg = Release|x64
		{77250FCD-6F95-4AB8-B016-BBF3ADE65CF5}.Release|x64.Build.0 = Release|x64
		{292CDF97-DDCD-440F-BB30-6E372FFD58BF}.Debug|Win32.ActiveCfg = Release|x64
		{292CDF97-DDCD-440F-BB30-6E372FFD58BF}.Debug|Win32.Build.0 = Release|x64
		{292CDF97-DDCD-440F-BB30-6E372FFD58BF}.Debug|x64.ActiveCfg = Debug|x64
		{292CDF97-DDCD-440F-BB30-6E372FFD58BF}.Debug|x64.Build.0 = Debug|x64
		{292CDF97-DDCD-440F-BB30-6E372FFD58BF}.Release|Win32.ActiveCfg = Release|Win32
		{292CDF97-DDCD-440F-BB30-6E372FFD58BF}.Release|Win32.Build.0 = Release|Win32
		{292CDF97-DDCD-440F-BB30-6E372FFD58BF}.Release|x64.ActiveCfg = Release|x64
		{292CDF97-DDCD-440F-BB30-6E372FFD58BF}.Release|x64.Build.0 = Release|x64
	EndGlobalSection
	GlobalSection(SolutionProperties) = preSolution
		HideSolutionNode = FALSE
	EndGlobalSection
EndGlobal
